
Microsoft Visual Studio Solution File, Format Version 12.00
# Visual Studio Version 17
VisualStudioVersion = 17.2.32526.322
MinimumVisualStudioVersion = 10.0.40219.1
Project("{9A19103F-16F7-4668-BE54-9A1E7A4F7556}") = "Cerveja", "Cerveja.csproj", "{0DACDFA5-FC8D-4DAB-8FDF-554115DC06C5}"
EndProject
Project("{9A19103F-16F7-4668-BE54-9A1E7A4F7556}") = "ApiCerveja", "..\ApiCerveja\ApiCerveja.csproj", "{A015775B-025D-41AE-B103-D2E0CF79F609}"
EndProject
Global
	GlobalSection(SolutionConfigurationPlatforms) = preSolution
		Debug|Any CPU = Debug|Any CPU
		Release|Any CPU = Release|Any CPU
	EndGlobalSection
	GlobalSection(ProjectConfigurationPlatforms) = postSolution
		{0DACDFA5-FC8D-4DAB-8FDF-554115DC06C5}.Debug|Any CPU.ActiveCfg = Debug|Any CPU
		{0DACDFA5-FC8D-4DAB-8FDF-554115DC06C5}.Debug|Any CPU.Build.0 = Debug|Any CPU
		{0DACDFA5-FC8D-4DAB-8FDF-554115DC06C5}.Release|Any CPU.ActiveCfg = Release|Any CPU
		{0DACDFA5-FC8D-4DAB-8FDF-554115DC06C5}.Release|Any CPU.Build.0 = Release|Any CPU
		{A015775B-025D-41AE-B103-D2E0CF79F609}.Debug|Any CPU.ActiveCfg = Debug|Any CPU
		{A015775B-025D-41AE-B103-D2E0CF79F609}.Debug|Any CPU.Build.0 = Debug|Any CPU
		{A015775B-025D-41AE-B103-D2E0CF79F609}.Release|Any CPU.ActiveCfg = Release|Any CPU
		{A015775B-025D-41AE-B103-D2E0CF79F609}.Release|Any CPU.Build.0 = Release|Any CPU
	EndGlobalSection
	GlobalSection(SolutionProperties) = preSolution
		HideSolutionNode = FALSE
	EndGlobalSection
	GlobalSection(ExtensibilityGlobals) = postSolution
		SolutionGuid = {495068BD-BC73-4CF1-BC83-9A3ADA18049D}
	EndGlobalSection
EndGlobal
